# This file is automatically @generated by Cargo.
# It is not intended for manual editing.
version = 3

[[package]]
name = "abjad"
version = "0.3.1"
source = "registry+https://github.com/rust-lang/crates.io-index"
checksum = "f95472e4bd8a045b100a155ab555673f6b1ac7ba9708d728c91877a9bf120747"
dependencies = [
 "anyhow",
]

[[package]]
name = "abjadcalc-cli"
version = "0.2.0"
dependencies = [
 "abjad",
]

[[package]]
name = "anyhow"
version = "1.0.55"
source = "registry+https://github.com/rust-lang/crates.io-index"
checksum = "159bb86af3a200e19a068f4224eae4c8bb2d0fa054c7e5d1cacd5cef95e684cd"
