# This file is automatically @generated by Cargo.
# It is not intended for manual editing.
version = 3

[[package]]
name = "abjad"
version = "0.3.1"
source = "registry+https://github.com/rust-lang/crates.io-index"
checksum = "f95472e4bd8a045b100a155ab555673f6b1ac7ba9708d728c91877a9bf120747"
dependencies = [
 "anyhow",
]

[[package]]
name = "abjadcalc-cli"
version = "0.2.0"
dependencies = [
 "abjad",
]

[[package]]
name = "anyhow"
version = "1.0.53"
source = "registry+https://github.com/rust-lang/crates.io-index"
checksum = "94a45b455c14666b85fc40a019e8ab9eb75e3a124e05494f5397122bc9eb06e0"
